
Microsoft Visual Studio Solution File, Format Version 12.00
# Visual Studio 14
VisualStudioVersion = 14.0.25420.1
MinimumVisualStudioVersion = 10.0.40219.1
Project("{2150E333-8FDC-42A3-9474-1A3956D46DE8}") = "03_Presentation Layer", "03_Presentation Layer", "{68BF1041-AAC4-4CB0-A9DF-F6C384CF5244}"
EndProject
Project("{2150E333-8FDC-42A3-9474-1A3956D46DE8}") = "02_Service Layer", "02_Service Layer", "{9C1F4C37-ED2E-44A3-83A7-A364E6F7EFD0}"
EndProject
Project("{2150E333-8FDC-42A3-9474-1A3956D46DE8}") = "01_DataAccess Layer", "01_DataAccess Layer", "{2EF557C6-51F1-40A6-93C2-3C2FAEC86734}"
EndProject
Project("{FAE04EC0-301F-11D3-BF4B-00C04F79EFBC}") = "SERVOSA.SAIR.WEB", "SERVOSA.SAIR.WEB\SERVOSA.SAIR.WEB.csproj", "{B1B17011-7BEE-4857-AE0F-CBE8B8E3A7C7}"
EndProject
Project("{FAE04EC0-301F-11D3-BF4B-00C04F79EFBC}") = "SERVOSA.SAIR.WEB.Tests", "SERVOSA.SAIR.WEB.Tests\SERVOSA.SAIR.WEB.Tests.csproj", "{63FD9A40-1C14-4BE2-8CA2-AC31F9A971BC}"
EndProject
Project("{FAE04EC0-301F-11D3-BF4B-00C04F79EFBC}") = "SERVOSA.SAIR.DATAACCESS", "SERVOSA.SAIR.DATAACCESS\SERVOSA.SAIR.DATAACCESS.csproj", "{D8DE45CC-066D-4294-97DA-370EB30993E8}"
EndProject
Project("{FAE04EC0-301F-11D3-BF4B-00C04F79EFBC}") = "SERVOSA.SAIR.SERVICE", "SERVOSA.SAIR.SERVICE\SERVOSA.SAIR.SERVICE.csproj", "{06869E68-4D91-41EA-AA1E-0670825156E9}"
EndProject
Project("{FAE04EC0-301F-11D3-BF4B-00C04F79EFBC}") = "SERVOSA.SAIR.DATAACCESS.TEST", "SERVOSA.SAIR.DATAACCESS.TEST\SERVOSA.SAIR.DATAACCESS.TEST.csproj", "{ADE06FF6-9443-4B78-B18C-D7FF0AE02C05}"
EndProject
Global
	GlobalSection(SolutionConfigurationPlatforms) = preSolution
		Debug|Any CPU = Debug|Any CPU
		Release|Any CPU = Release|Any CPU
	EndGlobalSection
	GlobalSection(ProjectConfigurationPlatforms) = postSolution
		{B1B17011-7BEE-4857-AE0F-CBE8B8E3A7C7}.Debug|Any CPU.ActiveCfg = Debug|Any CPU
		{B1B17011-7BEE-4857-AE0F-CBE8B8E3A7C7}.Debug|Any CPU.Build.0 = Debug|Any CPU
		{B1B17011-7BEE-4857-AE0F-CBE8B8E3A7C7}.Release|Any CPU.ActiveCfg = Release|Any CPU
		{B1B17011-7BEE-4857-AE0F-CBE8B8E3A7C7}.Release|Any CPU.Build.0 = Release|Any CPU
		{63FD9A40-1C14-4BE2-8CA2-AC31F9A971BC}.Debug|Any CPU.ActiveCfg = Debug|Any CPU
		{63FD9A40-1C14-4BE2-8CA2-AC31F9A971BC}.Debug|Any CPU.Build.0 = Debug|Any CPU
		{63FD9A40-1C14-4BE2-8CA2-AC31F9A971BC}.Release|Any CPU.ActiveCfg = Release|Any CPU
		{63FD9A40-1C14-4BE2-8CA2-AC31F9A971BC}.Release|Any CPU.Build.0 = Release|Any CPU
		{D8DE45CC-066D-4294-97DA-370EB30993E8}.Debug|Any CPU.ActiveCfg = Debug|Any CPU
		{D8DE45CC-066D-4294-97DA-370EB30993E8}.Debug|Any CPU.Build.0 = Debug|Any CPU
		{D8DE45CC-066D-4294-97DA-370EB30993E8}.Release|Any CPU.ActiveCfg = Release|Any CPU
		{D8DE45CC-066D-4294-97DA-370EB30993E8}.Release|Any CPU.Build.0 = Release|Any CPU
		{06869E68-4D91-41EA-AA1E-0670825156E9}.Debug|Any CPU.ActiveCfg = Debug|Any CPU
		{06869E68-4D91-41EA-AA1E-0670825156E9}.Debug|Any CPU.Build.0 = Debug|Any CPU
		{06869E68-4D91-41EA-AA1E-0670825156E9}.Release|Any CPU.ActiveCfg = Release|Any CPU
		{06869E68-4D91-41EA-AA1E-0670825156E9}.Release|Any CPU.Build.0 = Release|Any CPU
		{ADE06FF6-9443-4B78-B18C-D7FF0AE02C05}.Debug|Any CPU.ActiveCfg = Debug|Any CPU
		{ADE06FF6-9443-4B78-B18C-D7FF0AE02C05}.Debug|Any CPU.Build.0 = Debug|Any CPU
		{ADE06FF6-9443-4B78-B18C-D7FF0AE02C05}.Release|Any CPU.ActiveCfg = Release|Any CPU
		{ADE06FF6-9443-4B78-B18C-D7FF0AE02C05}.Release|Any CPU.Build.0 = Release|Any CPU
	EndGlobalSection
	GlobalSection(SolutionProperties) = preSolution
		HideSolutionNode = FALSE
	EndGlobalSection
	GlobalSection(NestedProjects) = preSolution
		{B1B17011-7BEE-4857-AE0F-CBE8B8E3A7C7} = {68BF1041-AAC4-4CB0-A9DF-F6C384CF5244}
		{63FD9A40-1C14-4BE2-8CA2-AC31F9A971BC} = {68BF1041-AAC4-4CB0-A9DF-F6C384CF5244}
		{D8DE45CC-066D-4294-97DA-370EB30993E8} = {2EF557C6-51F1-40A6-93C2-3C2FAEC86734}
		{06869E68-4D91-41EA-AA1E-0670825156E9} = {9C1F4C37-ED2E-44A3-83A7-A364E6F7EFD0}
		{ADE06FF6-9443-4B78-B18C-D7FF0AE02C05} = {2EF557C6-51F1-40A6-93C2-3C2FAEC86734}
	EndGlobalSection
	GlobalSection(ExtensibilityGlobals) = postSolution
		EnterpriseLibraryConfigurationToolBinariesPathV6 = packages\EnterpriseLibrary.Common.6.0.1304.0\lib\NET45;packages\EnterpriseLibrary.Data.6.0.1304.0\lib\NET45
	EndGlobalSection
EndGlobal
